#MicroXplorer Configuration settings - do not modify
File.Version=6
KeepUserPlacement=false
Mcu.Family=STM32F1
Mcu.IP0=NVIC
Mcu.IP1=RCC
Mcu.IP2=SYS
Mcu.IP3=TIM1
Mcu.IPNb=4
Mcu.Name=STM32F103C(4-6)Tx
Mcu.Package=LQFP48
Mcu.Pin0=PC13-TAMPER-RTC
Mcu.Pin1=PA0-WKUP
Mcu.Pin2=PA11
Mcu.Pin3=VP_SYS_VS_ND
Mcu.Pin4=VP_SYS_VS_Systick
Mcu.PinsNb=5
Mcu.UserConstants=
Mcu.UserName=STM32F103C6Tx
MxCube.Version=4.23.0
MxDb.Version=DB.4.0.230
NVIC.BusFault_IRQn=true\:0\:0\:false\:false\:true\:false
NVIC.DebugMonitor_IRQn=true\:0\:0\:false\:false\:true\:false
NVIC.HardFault_IRQn=true\:0\:0\:false\:false\:true\:false
NVIC.MemoryManagement_IRQn=true\:0\:0\:false\:false\:true\:false
NVIC.NonMaskableInt_IRQn=true\:0\:0\:false\:false\:true\:false
NVIC.PendSV_IRQn=true\:0\:0\:false\:false\:true\:false
NVIC.PriorityGroup=NVIC_PRIORITYGROUP_4
NVIC.SVCall_IRQn=true\:0\:0\:false\:false\:true\:false
NVIC.SysTick_IRQn=true\:0\:0\:false\:false\:true\:false
NVIC.UsageFault_IRQn=true\:0\:0\:false\:false\:true\:false
PA0-WKUP.GPIOParameters=GPIO_PuPd,GPIO_ModeDefaultEXTI
PA0-WKUP.GPIO_ModeDefaultEXTI=GPIO_MODE_IT_FALLING
PA0-WKUP.GPIO_PuPd=GPIO_PULLUP
PA0-WKUP.Locked=true
PA0-WKUP.Signal=GPXTI0
PA11.GPIOParameters=GPIO_Label
PA11.GPIO_Label=Buzzer
PA11.Signal=S_TIM1_CH4
PC13-TAMPER-RTC.Locked=true
PC13-TAMPER-RTC.Signal=GPIO_Output
PCC.Checker=false
PCC.Line=STM32F103
PCC.MCU=STM32F103C(4-6)Tx
PCC.PartNumber=STM32F103C6Tx
PCC.Seq0=0
PCC.Series=STM32F1
PCC.Temperature=25
PCC.Vdd=3.3
PinOutPanel.RotationAngle=0
ProjectManager.AskForMigrate=true
ProjectManager.BackupPrevious=false
ProjectManager.CompilerOptimize=2
ProjectManager.ComputerToolchain=false
ProjectManager.CoupleFile=false
ProjectManager.CustomerFirmwarePackage=C\:/Users/Manzel/STM32Cube/Repository/STM32Cube_FW_F1_V1.6.0
ProjectManager.DefaultFWLocation=true
ProjectManager.DeletePrevious=true
ProjectManager.DeviceId=STM32F103C6Tx
ProjectManager.FirmwarePackage=STM32Cube FW_F1 V1.6.0
ProjectManager.FreePins=false
ProjectManager.HalAssertFull=false
ProjectManager.HeapSize=0x200
ProjectManager.KeepUserCode=true
ProjectManager.LastFirmware=true
ProjectManager.LibraryCopy=0
ProjectManager.PreviousToolchain=
ProjectManager.ProjectBuild=false
ProjectManager.ProjectFileName=MusicalTone.ioc
ProjectManager.ProjectName=MusicalTone
ProjectManager.StackSize=0x400
ProjectManager.TargetToolchain=MDK-ARM V5
ProjectManager.ToolChainLocation=
ProjectManager.UnderRoot=false
ProjectManager.functionlistsort=1-MX_GPIO_Init-GPIO-false-HAL,2-SystemClock_Config-RCC-false-HAL,3-MX_TIM1_Init-TIM1-false-HAL
RCC.APB1Freq_Value=8000000
RCC.APB2Freq_Value=8000000
RCC.FamilyName=M
RCC.IPParameters=APB1Freq_Value,APB2Freq_Value,FamilyName,PLLCLKFreq_Value,PLLMCOFreq_Value,TimSysFreq_Value
RCC.PLLCLKFreq_Value=8000000
RCC.PLLMCOFreq_Value=4000000
RCC.TimSysFreq_Value=8000000
SH.GPXTI0.0=GPIO_EXTI0
SH.GPXTI0.ConfNb=1
SH.S_TIM1_CH4.0=TIM1_CH4,PWM Generation4 CH4
SH.S_TIM1_CH4.ConfNb=1
TIM1.Channel-PWM\ Generation4\ CH4=TIM_CHANNEL_4
TIM1.IPParameters=Channel-PWM Generation4 CH4,Period,Prescaler,Pulse-PWM Generation4 CH4,OCMode_PWM-PWM Generation4 CH4
TIM1.IPParametersWithoutCheck=Prescaler
TIM1.OCMode_PWM-PWM\ Generation4\ CH4=TIM_OCMODE_PWM1
TIM1.Period=100-1
TIM1.Prescaler=SystemCoreClock/10000 - 1
TIM1.Pulse-PWM\ Generation4\ CH4=50
VP_SYS_VS_ND.Mode=No_Debug
VP_SYS_VS_ND.Signal=SYS_VS_ND
VP_SYS_VS_Systick.Mode=SysTick
VP_SYS_VS_Systick.Signal=SYS_VS_Systick
board=MusicalTone
